
Microsoft Visual Studio Solution File, Format Version 12.00
# Visual Studio 15
VisualStudioVersion = 15.0.26228.12
MinimumVisualStudioVersion = 10.0.40219.1
Project("{FAE04EC0-301F-11D3-BF4B-00C04F79EFBC}") = "DotNet35WebApp", "DotNet35WebApp\DotNet35WebApp.csproj", "{F76F10AF-2E11-421F-85CD-0A9225484C86}"
EndProject
Project("{FAE04EC0-301F-11D3-BF4B-00C04F79EFBC}") = "DotNet35Lib", "DotNet35Lib\DotNet35Lib.csproj", "{0ED0EC7E-0A56-4A96-B589-D998C6083B55}"
EndProject
Project("{FAE04EC0-301F-11D3-BF4B-00C04F79EFBC}") = "DotNet45WebApp", "DotNet45WebApp\DotNet45WebApp.csproj", "{150F640B-6DB1-4BAA-A574-33EF3B4F3692}"
EndProject
Global
	GlobalSection(SolutionConfigurationPlatforms) = preSolution
		Debug|Any CPU = Debug|Any CPU
		Debug|Mixed Platforms = Debug|Mixed Platforms
		Debug|x86 = Debug|x86
		Release|Any CPU = Release|Any CPU
		Release|Mixed Platforms = Release|Mixed Platforms
		Release|x86 = Release|x86
	EndGlobalSection
	GlobalSection(ProjectConfigurationPlatforms) = postSolution
		{F76F10AF-2E11-421F-85CD-0A9225484C86}.Debug|Any CPU.ActiveCfg = Debug|Any CPU
		{F76F10AF-2E11-421F-85CD-0A9225484C86}.Debug|Any CPU.Build.0 = Debug|Any CPU
		{F76F10AF-2E11-421F-85CD-0A9225484C86}.Debug|Mixed Platforms.ActiveCfg = Debug|Any CPU
		{F76F10AF-2E11-421F-85CD-0A9225484C86}.Debug|Mixed Platforms.Build.0 = Debug|Any CPU
		{F76F10AF-2E11-421F-85CD-0A9225484C86}.Debug|x86.ActiveCfg = Debug|Any CPU
		{F76F10AF-2E11-421F-85CD-0A9225484C86}.Release|Any CPU.ActiveCfg = Release|Any CPU
		{F76F10AF-2E11-421F-85CD-0A9225484C86}.Release|Any CPU.Build.0 = Release|Any CPU
		{F76F10AF-2E11-421F-85CD-0A9225484C86}.Release|Mixed Platforms.ActiveCfg = Release|Any CPU
		{F76F10AF-2E11-421F-85CD-0A9225484C86}.Release|Mixed Platforms.Build.0 = Release|Any CPU
		{F76F10AF-2E11-421F-85CD-0A9225484C86}.Release|x86.ActiveCfg = Release|Any CPU
		{0ED0EC7E-0A56-4A96-B589-D998C6083B55}.Debug|Any CPU.ActiveCfg = Debug|Any CPU
		{0ED0EC7E-0A56-4A96-B589-D998C6083B55}.Debug|Any CPU.Build.0 = Debug|Any CPU
		{0ED0EC7E-0A56-4A96-B589-D998C6083B55}.Debug|Mixed Platforms.ActiveCfg = Debug|Any CPU
		{0ED0EC7E-0A56-4A96-B589-D998C6083B55}.Debug|Mixed Platforms.Build.0 = Debug|Any CPU
		{0ED0EC7E-0A56-4A96-B589-D998C6083B55}.Debug|x86.ActiveCfg = Debug|Any CPU
		{0ED0EC7E-0A56-4A96-B589-D998C6083B55}.Debug|x86.Build.0 = Debug|Any CPU
		{0ED0EC7E-0A56-4A96-B589-D998C6083B55}.Release|Any CPU.ActiveCfg = Release|Any CPU
		{0ED0EC7E-0A56-4A96-B589-D998C6083B55}.Release|Any CPU.Build.0 = Release|Any CPU
		{0ED0EC7E-0A56-4A96-B589-D998C6083B55}.Release|Mixed Platforms.ActiveCfg = Release|Any CPU
		{0ED0EC7E-0A56-4A96-B589-D998C6083B55}.Release|Mixed Platforms.Build.0 = Release|Any CPU
		{0ED0EC7E-0A56-4A96-B589-D998C6083B55}.Release|x86.ActiveCfg = Release|Any CPU
		{0ED0EC7E-0A56-4A96-B589-D998C6083B55}.Release|x86.Build.0 = Release|Any CPU
		{150F640B-6DB1-4BAA-A574-33EF3B4F3692}.Debug|Any CPU.ActiveCfg = Debug|Any CPU
		{150F640B-6DB1-4BAA-A574-33EF3B4F3692}.Debug|Any CPU.Build.0 = Debug|Any CPU
		{150F640B-6DB1-4BAA-A574-33EF3B4F3692}.Debug|Mixed Platforms.ActiveCfg = Debug|Any CPU
		{150F640B-6DB1-4BAA-A574-33EF3B4F3692}.Debug|Mixed Platforms.Build.0 = Debug|Any CPU
		{150F640B-6DB1-4BAA-A574-33EF3B4F3692}.Debug|x86.ActiveCfg = Debug|Any CPU
		{150F640B-6DB1-4BAA-A574-33EF3B4F3692}.Debug|x86.Build.0 = Debug|Any CPU
		{150F640B-6DB1-4BAA-A574-33EF3B4F3692}.Release|Any CPU.ActiveCfg = Release|Any CPU
		{150F640B-6DB1-4BAA-A574-33EF3B4F3692}.Release|Any CPU.Build.0 = Release|Any CPU
		{150F640B-6DB1-4BAA-A574-33EF3B4F3692}.Release|Mixed Platforms.ActiveCfg = Release|Any CPU
		{150F640B-6DB1-4BAA-A574-33EF3B4F3692}.Release|Mixed Platforms.Build.0 = Release|Any CPU
		{150F640B-6DB1-4BAA-A574-33EF3B4F3692}.Release|x86.ActiveCfg = Release|Any CPU
		{150F640B-6DB1-4BAA-A574-33EF3B4F3692}.Release|x86.Build.0 = Release|Any CPU
	EndGlobalSection
	GlobalSection(SolutionProperties) = preSolution
		HideSolutionNode = FALSE
	EndGlobalSection
EndGlobal
